
Microsoft Visual Studio Solution File, Format Version 12.00
# Visual Studio Version 17
VisualStudioVersion = 17.7.34302.85
MinimumVisualStudioVersion = 10.0.40219.1
Project("{9A19103F-16F7-4668-BE54-9A1E7A4F7556}") = "Application", "Application\Application.csproj", "{E2E2591A-22AD-4C40-83ED-F6C945124C5B}"
EndProject
Project("{9A19103F-16F7-4668-BE54-9A1E7A4F7556}") = "Domain", "Domain\Domain.csproj", "{B1CDE6C9-B973-4618-BF88-E2506F1D62D4}"
EndProject
Project("{9A19103F-16F7-4668-BE54-9A1E7A4F7556}") = "Infra.Data", "Infra.Data\Infra.Data.csproj", "{FB557DC6-4D16-4DAE-BFC4-4CC6FC62E24C}"
EndProject
Project("{9A19103F-16F7-4668-BE54-9A1E7A4F7556}") = "Infra.IoC", "Infra.IoC\Infra.IoC.csproj", "{39A84C48-0447-49C4-AEDC-76633BAE1D3C}"
EndProject
Project("{9A19103F-16F7-4668-BE54-9A1E7A4F7556}") = "BlazorServer", "BlazorServer\BlazorServer.csproj", "{6091FD49-1B79-4802-B48B-BDAD43A3CAA1}"
EndProject
Project("{2150E333-8FDC-42A3-9474-1A3956D46DE8}") = "Solution Items", "Solution Items", "{A39E9760-3FA5-47DA-99D7-67F66047B758}"
	ProjectSection(SolutionItems) = preProject
		.editorconfig = .editorconfig
	EndProjectSection
EndProject
Global
	GlobalSection(SolutionConfigurationPlatforms) = preSolution
		Debug|Any CPU = Debug|Any CPU
		Release|Any CPU = Release|Any CPU
	EndGlobalSection
	GlobalSection(ProjectConfigurationPlatforms) = postSolution
		{E2E2591A-22AD-4C40-83ED-F6C945124C5B}.Debug|Any CPU.ActiveCfg = Debug|Any CPU
		{E2E2591A-22AD-4C40-83ED-F6C945124C5B}.Debug|Any CPU.Build.0 = Debug|Any CPU
		{E2E2591A-22AD-4C40-83ED-F6C945124C5B}.Release|Any CPU.ActiveCfg = Release|Any CPU
		{E2E2591A-22AD-4C40-83ED-F6C945124C5B}.Release|Any CPU.Build.0 = Release|Any CPU
		{B1CDE6C9-B973-4618-BF88-E2506F1D62D4}.Debug|Any CPU.ActiveCfg = Debug|Any CPU
		{B1CDE6C9-B973-4618-BF88-E2506F1D62D4}.Debug|Any CPU.Build.0 = Debug|Any CPU
		{B1CDE6C9-B973-4618-BF88-E2506F1D62D4}.Release|Any CPU.ActiveCfg = Release|Any CPU
		{B1CDE6C9-B973-4618-BF88-E2506F1D62D4}.Release|Any CPU.Build.0 = Release|Any CPU
		{FB557DC6-4D16-4DAE-BFC4-4CC6FC62E24C}.Debug|Any CPU.ActiveCfg = Debug|Any CPU
		{FB557DC6-4D16-4DAE-BFC4-4CC6FC62E24C}.Debug|Any CPU.Build.0 = Debug|Any CPU
		{FB557DC6-4D16-4DAE-BFC4-4CC6FC62E24C}.Release|Any CPU.ActiveCfg = Release|Any CPU
		{FB557DC6-4D16-4DAE-BFC4-4CC6FC62E24C}.Release|Any CPU.Build.0 = Release|Any CPU
		{39A84C48-0447-49C4-AEDC-76633BAE1D3C}.Debug|Any CPU.ActiveCfg = Debug|Any CPU
		{39A84C48-0447-49C4-AEDC-76633BAE1D3C}.Debug|Any CPU.Build.0 = Debug|Any CPU
		{39A84C48-0447-49C4-AEDC-76633BAE1D3C}.Release|Any CPU.ActiveCfg = Release|Any CPU
		{39A84C48-0447-49C4-AEDC-76633BAE1D3C}.Release|Any CPU.Build.0 = Release|Any CPU
		{6091FD49-1B79-4802-B48B-BDAD43A3CAA1}.Debug|Any CPU.ActiveCfg = Debug|Any CPU
		{6091FD49-1B79-4802-B48B-BDAD43A3CAA1}.Debug|Any CPU.Build.0 = Debug|Any CPU
		{6091FD49-1B79-4802-B48B-BDAD43A3CAA1}.Release|Any CPU.ActiveCfg = Release|Any CPU
		{6091FD49-1B79-4802-B48B-BDAD43A3CAA1}.Release|Any CPU.Build.0 = Release|Any CPU
	EndGlobalSection
	GlobalSection(SolutionProperties) = preSolution
		HideSolutionNode = FALSE
	EndGlobalSection
	GlobalSection(ExtensibilityGlobals) = postSolution
		SolutionGuid = {7A983328-5187-4D24-B3F7-B5D762BC91D0}
	EndGlobalSection
EndGlobal
